{
    "requires": true,
    "lockfileVersion": 1,
    "dependencies": {
        "psl": {
            "version": "1.8.0",
            "resolved": "https://registry.npmjs.org/psl/-/psl-1.8.0.tgz",
            "integrity": "sha512-RIdOzyoavK+hA18OGGWDqUTsCLhtA7IcZ/6NCs4fFJaHBDab+pDDmDIByWFRQJq2Cd7r1OoQxBGKOaztq+hjIQ=="
        },
        "sweetalert2": {
            "version": "9.10.12",
            "resolved": "https://registry.npmjs.org/sweetalert2/-/sweetalert2-9.10.12.tgz",
            "integrity": "sha512-RnarmbDGTPmwecJbaVdq5LvlzbVReIOtPk0huPnXOE19G00xMxGcTY0wjt9AjwsexUnLivLXc3b6nD6+D6NlGg=="
        }
    }
}
